
Microsoft Visual Studio Solution File, Format Version 12.00
# Visual Studio 15
VisualStudioVersion = 15.0.27130.2036
MinimumVisualStudioVersion = 10.0.40219.1
Project("{FAE04EC0-301F-11D3-BF4B-00C04F79EFBC}") = "LoginRegistrationDemo", "LoginRegistrationDemo\LoginRegistrationDemo.csproj", "{03C6A32A-6299-415F-B43B-6DDE2FE80D69}"
EndProject
Global
	GlobalSection(SolutionConfigurationPlatforms) = preSolution
		Debug|Any CPU = Debug|Any CPU
		Release|Any CPU = Release|Any CPU
	EndGlobalSection
	GlobalSection(ProjectConfigurationPlatforms) = postSolution
		{03C6A32A-6299-415F-B43B-6DDE2FE80D69}.Debug|Any CPU.ActiveCfg = Debug|Any CPU
		{03C6A32A-6299-415F-B43B-6DDE2FE80D69}.Debug|Any CPU.Build.0 = Debug|Any CPU
		{03C6A32A-6299-415F-B43B-6DDE2FE80D69}.Release|Any CPU.ActiveCfg = Release|Any CPU
		{03C6A32A-6299-415F-B43B-6DDE2FE80D69}.Release|Any CPU.Build.0 = Release|Any CPU
	EndGlobalSection
	GlobalSection(SolutionProperties) = preSolution
		HideSolutionNode = FALSE
	EndGlobalSection
	GlobalSection(ExtensibilityGlobals) = postSolution
		SolutionGuid = {4F1E1696-F050-419F-9E8A-A1AF11910F0A}
	EndGlobalSection
EndGlobal
